<?xml version="1.0" encoding="UTF-8" standalone="yes" ?>
<CodeBlocks_project_file>
	<FileVersion major="1" minor="6" />
	<Project>
		<Option title="DEncryptor" />
		<Option pch_mode="2" />
		<Option compiler="gcc" />
		<Build>
			<Target title="Debug">
				<Option output="bin/Debug/DEncryptor" prefix_auto="1" extension_auto="1" />
				<Option object_output="obj/Debug/" />
				<Option type="1" />
				<Option compiler="gcc" />
				<Compiler>
					<Add option="-g" />
				</Compiler>
			</Target>
			<Target title="Release">
				<Option output="bin/Release/DEncryptor" prefix_auto="1" extension_auto="1" />
				<Option object_output="obj/Release/" />
				<Option type="1" />
				<Option compiler="gcc" />
				<Compiler>
					<Add option="-O2" />
				</Compiler>
				<Linker>
					<Add option="-s" />
				</Linker>
			</Target>
		</Build>
		<Compiler>
			<Add option="-Wall" />
			<Add option="-fexceptions" />
		</Compiler>
		<Unit filename="DEncryptor1.cpp" />
		<Unit filename="DEncryptor1.h" />
		<Unit filename="DEncryptor2.cpp" />
		<Unit filename="Dencryptor2.h" />
		<Unit filename="Morse.cpp" />
		<Unit filename="Morse.h" />
		<Unit filename="main.cpp" />
		<Unit filename="test/albertiText.txt" />
		<Unit filename="test/caesarText.txt" />
		<Unit filename="test/playfairText.txt" />
		<Unit filename="test/randomText.txt" />
		<Unit filename="test/testText.txt" />
		<Unit filename="test/vigenereText.txt" />
		<Extensions>
			<code_completion />
			<envvars />
			<debugger />
		</Extensions>
	</Project>
</CodeBlocks_project_file>
